
Microsoft Visual Studio Solution File, Format Version 12.00
# Visual Studio 15
Project("{FAE04EC0-301F-11D3-BF4B-00C04F79EFBC}") = "fps.Gameplay", "fps.Gameplay.csproj", "{3048C5B0-0566-C488-3082-A8D4ED73A955}"
EndProject
Project("{FAE04EC0-301F-11D3-BF4B-00C04F79EFBC}") = "fps.UI", "fps.UI.csproj", "{CF3FCB20-7E71-3413-DD9A-D10826296877}"
EndProject
Project("{FAE04EC0-301F-11D3-BF4B-00C04F79EFBC}") = "fps.Game", "fps.Game.csproj", "{BFA4612D-F68E-857B-C94C-A268702E13D6}"
EndProject
Project("{FAE04EC0-301F-11D3-BF4B-00C04F79EFBC}") = "Unity.FPS.Tutorials", "Unity.FPS.Tutorials.csproj", "{43F8CB48-7A5D-C2F8-56C4-28AC91A22686}"
EndProject
Project("{FAE04EC0-301F-11D3-BF4B-00C04F79EFBC}") = "NavMeshComponents", "NavMeshComponents.csproj", "{35E452A4-5D5A-2757-91DF-7A5F0FF81128}"
EndProject
Project("{FAE04EC0-301F-11D3-BF4B-00C04F79EFBC}") = "fps.AI", "fps.AI.csproj", "{9090065A-2038-B9AC-F28B-0A0A3BCB0F55}"
EndProject
Project("{FAE04EC0-301F-11D3-BF4B-00C04F79EFBC}") = "fps.Editor", "fps.Editor.csproj", "{417EDBE7-2ECF-CC79-CE16-CCF8AD93670B}"
EndProject
Project("{FAE04EC0-301F-11D3-BF4B-00C04F79EFBC}") = "NavMeshComponentsEditor", "NavMeshComponentsEditor.csproj", "{C9B6505E-1AA6-8877-7E50-A36F6E7D0CA7}"
EndProject
Project("{FAE04EC0-301F-11D3-BF4B-00C04F79EFBC}") = "Unity.Microgame.Tutorials", "Unity.Microgame.Tutorials.csproj", "{E2494E65-10FC-859E-8C70-AFA1326739E3}"
EndProject
Global
	GlobalSection(SolutionConfigurationPlatforms) = preSolution
		Debug|Any CPU = Debug|Any CPU
		Release|Any CPU = Release|Any CPU
	EndGlobalSection
	GlobalSection(ProjectConfigurationPlatforms) = postSolution
		{3048C5B0-0566-C488-3082-A8D4ED73A955}.Debug|Any CPU.ActiveCfg = Debug|Any CPU
		{3048C5B0-0566-C488-3082-A8D4ED73A955}.Debug|Any CPU.Build.0 = Debug|Any CPU
		{3048C5B0-0566-C488-3082-A8D4ED73A955}.Release|Any CPU.ActiveCfg = Release|Any CPU
		{3048C5B0-0566-C488-3082-A8D4ED73A955}.Release|Any CPU.Build.0 = Release|Any CPU
		{CF3FCB20-7E71-3413-DD9A-D10826296877}.Debug|Any CPU.ActiveCfg = Debug|Any CPU
		{CF3FCB20-7E71-3413-DD9A-D10826296877}.Debug|Any CPU.Build.0 = Debug|Any CPU
		{CF3FCB20-7E71-3413-DD9A-D10826296877}.Release|Any CPU.ActiveCfg = Release|Any CPU
		{CF3FCB20-7E71-3413-DD9A-D10826296877}.Release|Any CPU.Build.0 = Release|Any CPU
		{BFA4612D-F68E-857B-C94C-A268702E13D6}.Debug|Any CPU.ActiveCfg = Debug|Any CPU
		{BFA4612D-F68E-857B-C94C-A268702E13D6}.Debug|Any CPU.Build.0 = Debug|Any CPU
		{BFA4612D-F68E-857B-C94C-A268702E13D6}.Release|Any CPU.ActiveCfg = Release|Any CPU
		{BFA4612D-F68E-857B-C94C-A268702E13D6}.Release|Any CPU.Build.0 = Release|Any CPU
		{43F8CB48-7A5D-C2F8-56C4-28AC91A22686}.Debug|Any CPU.ActiveCfg = Debug|Any CPU
		{43F8CB48-7A5D-C2F8-56C4-28AC91A22686}.Debug|Any CPU.Build.0 = Debug|Any CPU
		{43F8CB48-7A5D-C2F8-56C4-28AC91A22686}.Release|Any CPU.ActiveCfg = Release|Any CPU
		{43F8CB48-7A5D-C2F8-56C4-28AC91A22686}.Release|Any CPU.Build.0 = Release|Any CPU
		{35E452A4-5D5A-2757-91DF-7A5F0FF81128}.Debug|Any CPU.ActiveCfg = Debug|Any CPU
		{35E452A4-5D5A-2757-91DF-7A5F0FF81128}.Debug|Any CPU.Build.0 = Debug|Any CPU
		{35E452A4-5D5A-2757-91DF-7A5F0FF81128}.Release|Any CPU.ActiveCfg = Release|Any CPU
		{35E452A4-5D5A-2757-91DF-7A5F0FF81128}.Release|Any CPU.Build.0 = Release|Any CPU
		{9090065A-2038-B9AC-F28B-0A0A3BCB0F55}.Debug|Any CPU.ActiveCfg = Debug|Any CPU
		{9090065A-2038-B9AC-F28B-0A0A3BCB0F55}.Debug|Any CPU.Build.0 = Debug|Any CPU
		{9090065A-2038-B9AC-F28B-0A0A3BCB0F55}.Release|Any CPU.ActiveCfg = Release|Any CPU
		{9090065A-2038-B9AC-F28B-0A0A3BCB0F55}.Release|Any CPU.Build.0 = Release|Any CPU
		{417EDBE7-2ECF-CC79-CE16-CCF8AD93670B}.Debug|Any CPU.ActiveCfg = Debug|Any CPU
		{417EDBE7-2ECF-CC79-CE16-CCF8AD93670B}.Debug|Any CPU.Build.0 = Debug|Any CPU
		{417EDBE7-2ECF-CC79-CE16-CCF8AD93670B}.Release|Any CPU.ActiveCfg = Release|Any CPU
		{417EDBE7-2ECF-CC79-CE16-CCF8AD93670B}.Release|Any CPU.Build.0 = Release|Any CPU
		{C9B6505E-1AA6-8877-7E50-A36F6E7D0CA7}.Debug|Any CPU.ActiveCfg = Debug|Any CPU
		{C9B6505E-1AA6-8877-7E50-A36F6E7D0CA7}.Debug|Any CPU.Build.0 = Debug|Any CPU
		{C9B6505E-1AA6-8877-7E50-A36F6E7D0CA7}.Release|Any CPU.ActiveCfg = Release|Any CPU
		{C9B6505E-1AA6-8877-7E50-A36F6E7D0CA7}.Release|Any CPU.Build.0 = Release|Any CPU
		{E2494E65-10FC-859E-8C70-AFA1326739E3}.Debug|Any CPU.ActiveCfg = Debug|Any CPU
		{E2494E65-10FC-859E-8C70-AFA1326739E3}.Debug|Any CPU.Build.0 = Debug|Any CPU
		{E2494E65-10FC-859E-8C70-AFA1326739E3}.Release|Any CPU.ActiveCfg = Release|Any CPU
		{E2494E65-10FC-859E-8C70-AFA1326739E3}.Release|Any CPU.Build.0 = Release|Any CPU
	EndGlobalSection
	GlobalSection(SolutionProperties) = preSolution
		HideSolutionNode = FALSE
	EndGlobalSection
EndGlobal
